
Microsoft Visual Studio Solution File, Format Version 12.00
# Visual Studio 15
VisualStudioVersion = 15.0.27703.1
MinimumVisualStudioVersion = 10.0.40219.1
Project("{FAE04EC0-301F-11D3-BF4B-00C04F79EFBC}") = "AsyncAwaitStateMachine", "AsyncAwaitStateMachine\AsyncAwaitStateMachine.csproj", "{E02B2322-FBCA-43C2-B67F-A5B7BEFD7C8F}"
EndProject
Global
	GlobalSection(SolutionConfigurationPlatforms) = preSolution
		Debug|Any CPU = Debug|Any CPU
		Release|Any CPU = Release|Any CPU
	EndGlobalSection
	GlobalSection(ProjectConfigurationPlatforms) = postSolution
		{E02B2322-FBCA-43C2-B67F-A5B7BEFD7C8F}.Debug|Any CPU.ActiveCfg = Debug|Any CPU
		{E02B2322-FBCA-43C2-B67F-A5B7BEFD7C8F}.Debug|Any CPU.Build.0 = Debug|Any CPU
		{E02B2322-FBCA-43C2-B67F-A5B7BEFD7C8F}.Release|Any CPU.ActiveCfg = Release|Any CPU
		{E02B2322-FBCA-43C2-B67F-A5B7BEFD7C8F}.Release|Any CPU.Build.0 = Release|Any CPU
	EndGlobalSection
	GlobalSection(SolutionProperties) = preSolution
		HideSolutionNode = FALSE
	EndGlobalSection
	GlobalSection(ExtensibilityGlobals) = postSolution
		SolutionGuid = {04EF969E-F6B8-4C8E-B6C7-CE87067EA5B2}
	EndGlobalSection
EndGlobal
